
Microsoft Visual Studio Solution File, Format Version 12.00
# Visual Studio 15
VisualStudioVersion = 15.0.28307.106
MinimumVisualStudioVersion = 10.0.40219.1
Project("{8BC9CEB8-8B4A-11D0-8D11-00A0C91BC942}") = "DynamicArray", "DynamicArray\DynamicArray.vcxproj", "{4F1B4010-97AA-4017-9628-4620C82D8BA7}"
EndProject
Project("{8BC9CEB8-8B4A-11D0-8D11-00A0C91BC942}") = "LinkedLists", "LinkedLists\LinkedLists.vcxproj", "{4E1840D8-515B-4504-99FE-54B867ADB2DA}"
EndProject
Project("{8BC9CEB8-8B4A-11D0-8D11-00A0C91BC942}") = "Sorting", "Sorting\Sorting.vcxproj", "{55E72C5D-E5B6-449E-AE85-4281684C843E}"
EndProject
Project("{8BC9CEB8-8B4A-11D0-8D11-00A0C91BC942}") = "StacksAndQueues", "StacksAndQueues\StacksAndQueues.vcxproj", "{588C5597-C481-4C06-8841-C1AE279A492F}"
EndProject
Global
	GlobalSection(SolutionConfigurationPlatforms) = preSolution
		Debug|x64 = Debug|x64
		Debug|x86 = Debug|x86
		Release|x64 = Release|x64
		Release|x86 = Release|x86
	EndGlobalSection
	GlobalSection(ProjectConfigurationPlatforms) = postSolution
		{4F1B4010-97AA-4017-9628-4620C82D8BA7}.Debug|x64.ActiveCfg = Debug|x64
		{4F1B4010-97AA-4017-9628-4620C82D8BA7}.Debug|x64.Build.0 = Debug|x64
		{4F1B4010-97AA-4017-9628-4620C82D8BA7}.Debug|x86.ActiveCfg = Debug|Win32
		{4F1B4010-97AA-4017-9628-4620C82D8BA7}.Debug|x86.Build.0 = Debug|Win32
		{4F1B4010-97AA-4017-9628-4620C82D8BA7}.Release|x64.ActiveCfg = Release|x64
		{4F1B4010-97AA-4017-9628-4620C82D8BA7}.Release|x64.Build.0 = Release|x64
		{4F1B4010-97AA-4017-9628-4620C82D8BA7}.Release|x86.ActiveCfg = Release|Win32
		{4F1B4010-97AA-4017-9628-4620C82D8BA7}.Release|x86.Build.0 = Release|Win32
		{4E1840D8-515B-4504-99FE-54B867ADB2DA}.Debug|x64.ActiveCfg = Debug|x64
		{4E1840D8-515B-4504-99FE-54B867ADB2DA}.Debug|x64.Build.0 = Debug|x64
		{4E1840D8-515B-4504-99FE-54B867ADB2DA}.Debug|x86.ActiveCfg = Debug|Win32
		{4E1840D8-515B-4504-99FE-54B867ADB2DA}.Debug|x86.Build.0 = Debug|Win32
		{4E1840D8-515B-4504-99FE-54B867ADB2DA}.Release|x64.ActiveCfg = Release|x64
		{4E1840D8-515B-4504-99FE-54B867ADB2DA}.Release|x64.Build.0 = Release|x64
		{4E1840D8-515B-4504-99FE-54B867ADB2DA}.Release|x86.ActiveCfg = Release|Win32
		{4E1840D8-515B-4504-99FE-54B867ADB2DA}.Release|x86.Build.0 = Release|Win32
		{55E72C5D-E5B6-449E-AE85-4281684C843E}.Debug|x64.ActiveCfg = Debug|x64
		{55E72C5D-E5B6-449E-AE85-4281684C843E}.Debug|x64.Build.0 = Debug|x64
		{55E72C5D-E5B6-449E-AE85-4281684C843E}.Debug|x86.ActiveCfg = Debug|Win32
		{55E72C5D-E5B6-449E-AE85-4281684C843E}.Debug|x86.Build.0 = Debug|Win32
		{55E72C5D-E5B6-449E-AE85-4281684C843E}.Release|x64.ActiveCfg = Release|x64
		{55E72C5D-E5B6-449E-AE85-4281684C843E}.Release|x64.Build.0 = Release|x64
		{55E72C5D-E5B6-449E-AE85-4281684C843E}.Release|x86.ActiveCfg = Release|Win32
		{55E72C5D-E5B6-449E-AE85-4281684C843E}.Release|x86.Build.0 = Release|Win32
		{588C5597-C481-4C06-8841-C1AE279A492F}.Debug|x64.ActiveCfg = Debug|x64
		{588C5597-C481-4C06-8841-C1AE279A492F}.Debug|x64.Build.0 = Debug|x64
		{588C5597-C481-4C06-8841-C1AE279A492F}.Debug|x86.ActiveCfg = Debug|Win32
		{588C5597-C481-4C06-8841-C1AE279A492F}.Debug|x86.Build.0 = Debug|Win32
		{588C5597-C481-4C06-8841-C1AE279A492F}.Release|x64.ActiveCfg = Release|x64
		{588C5597-C481-4C06-8841-C1AE279A492F}.Release|x64.Build.0 = Release|x64
		{588C5597-C481-4C06-8841-C1AE279A492F}.Release|x86.ActiveCfg = Release|Win32
		{588C5597-C481-4C06-8841-C1AE279A492F}.Release|x86.Build.0 = Release|Win32
	EndGlobalSection
	GlobalSection(SolutionProperties) = preSolution
		HideSolutionNode = FALSE
	EndGlobalSection
	GlobalSection(ExtensibilityGlobals) = postSolution
		SolutionGuid = {0E971617-2E0B-484C-BE3E-0F4DD1079A03}
	EndGlobalSection
EndGlobal
